
Microsoft Visual Studio Solution File, Format Version 12.00
# Visual Studio Version 16
VisualStudioVersion = 16.0.33529.622
MinimumVisualStudioVersion = 10.0.40219.1
Project("{FAE04EC0-301F-11D3-BF4B-00C04F79EFBC}") = "1411031042 final", "1411031042 final\1411031042 final.csproj", "{746C898C-9F22-4D86-B25B-36EAB0292E43}"
EndProject
Global
	GlobalSection(SolutionConfigurationPlatforms) = preSolution
		Debug|Any CPU = Debug|Any CPU
		Release|Any CPU = Release|Any CPU
	EndGlobalSection
	GlobalSection(ProjectConfigurationPlatforms) = postSolution
		{746C898C-9F22-4D86-B25B-36EAB0292E43}.Debug|Any CPU.ActiveCfg = Debug|Any CPU
		{746C898C-9F22-4D86-B25B-36EAB0292E43}.Debug|Any CPU.Build.0 = Debug|Any CPU
		{746C898C-9F22-4D86-B25B-36EAB0292E43}.Release|Any CPU.ActiveCfg = Release|Any CPU
		{746C898C-9F22-4D86-B25B-36EAB0292E43}.Release|Any CPU.Build.0 = Release|Any CPU
	EndGlobalSection
	GlobalSection(SolutionProperties) = preSolution
		HideSolutionNode = FALSE
	EndGlobalSection
	GlobalSection(ExtensibilityGlobals) = postSolution
		SolutionGuid = {9A075318-3D7E-4E9A-9BA7-DADBF9BDCA3C}
	EndGlobalSection
EndGlobal
